// !$*UTF8*$!
{
	archiveVersion = 1;
	classes = {
	};
	objectVersion = 50;
	objects = {

/* Begin PBXBuildFile section */
		2F2789DF24872C8900038FBD /* DetonationView.swift in Sources */ = {isa = PBXBuildFile; fileRef = 2F2789DE24872C8900038FBD /* DetonationView.swift */; };
		2F2789E1248852D300038FBD /* TractorView.swift in Sources */ = {isa = PBXBuildFile; fileRef = 2F2789E0248852D300038FBD /* TractorView.swift */; };
		2F2789E324897E9500038FBD /* BoundaryView.swift in Sources */ = {isa = PBXBuildFile; fileRef = 2F2789E224897E9500038FBD /* BoundaryView.swift */; };
		2F2789E52489822F00038FBD /* HelpView.swift in Sources */ = {isa = PBXBuildFile; fileRef = 2F2789E42489822F00038FBD /* HelpView.swift */; };
		2F2789E72489861600038FBD /* Help.swift in Sources */ = {isa = PBXBuildFile; fileRef = 2F2789E62489861600038FBD /* Help.swift */; };
		2F2789E92489B8DF00038FBD /* PreferencesController.swift in Sources */ = {isa = PBXBuildFile; fileRef = 2F2789E82489B8DF00038FBD /* PreferencesController.swift */; };
		2F2C197D2484BA4800604F21 /* ExplosionView.swift in Sources */ = {isa = PBXBuildFile; fileRef = 2F2C197C2484BA4800604F21 /* ExplosionView.swift */; };
		2F2C197F24857CCB00604F21 /* ManualServerView.swift in Sources */ = {isa = PBXBuildFile; fileRef = 2F2C197E24857CCB00604F21 /* ManualServerView.swift */; };
		2F2C19812485D80B00604F21 /* PreferencesView.swift in Sources */ = {isa = PBXBuildFile; fileRef = 2F2C19802485D80B00604F21 /* PreferencesView.swift */; };
		2F2C1983248629C000604F21 /* LoginView.swift in Sources */ = {isa = PBXBuildFile; fileRef = 2F2C1982248629C000604F21 /* LoginView.swift */; };
		2F2C1B8B2487196400604F21 /* Netrek.help in Resources */ = {isa = PBXBuildFile; fileRef = 2F2C1B8A2487196400604F21 /* Netrek.help */; };
		2F44288C2463555A0051D7BE /* PlanetView.swift in Sources */ = {isa = PBXBuildFile; fileRef = 2F44288B2463555A0051D7BE /* PlanetView.swift */; };
		2F44288D24635BDA0051D7BE /* NetrekMath.swift in Sources */ = {isa = PBXBuildFile; fileRef = 2F97D8952462208D003CA91F /* NetrekMath.swift */; };
		2F44288E24635BF20051D7BE /* NetrekMath.swift in Sources */ = {isa = PBXBuildFile; fileRef = 2F97D8952462208D003CA91F /* NetrekMath.swift */; };
		2F44289024636B690051D7BE /* TacticalOffset.swift in Sources */ = {isa = PBXBuildFile; fileRef = 2F44288F24636B690051D7BE /* TacticalOffset.swift */; };
		2F44289124636B690051D7BE /* TacticalOffset.swift in Sources */ = {isa = PBXBuildFile; fileRef = 2F44288F24636B690051D7BE /* TacticalOffset.swift */; };
		2F44289324636E540051D7BE /* Assets.xcassets in Resources */ = {isa = PBXBuildFile; fileRef = 2F44289224636E540051D7BE /* Assets.xcassets */; };
		2F44289424636E540051D7BE /* Assets.xcassets in Resources */ = {isa = PBXBuildFile; fileRef = 2F44289224636E540051D7BE /* Assets.xcassets */; };
		2F44289624639C840051D7BE /* PlayerView.swift in Sources */ = {isa = PBXBuildFile; fileRef = 2F44289524639C840051D7BE /* PlayerView.swift */; };
		2F44596B2464B45E00C3F9A1 /* TorpedoView.swift in Sources */ = {isa = PBXBuildFile; fileRef = 2F44596A2464B45E00C3F9A1 /* TorpedoView.swift */; };
		2F44596D2465EFB300C3F9A1 /* LaserView.swift in Sources */ = {isa = PBXBuildFile; fileRef = 2F44596C2465EFB300C3F9A1 /* LaserView.swift */; };
		2F44596F2466324100C3F9A1 /* PlasmaView.swift in Sources */ = {isa = PBXBuildFile; fileRef = 2F44596E2466324100C3F9A1 /* PlasmaView.swift */; };
		2F4459732467438400C3F9A1 /* StrategicView.swift in Sources */ = {isa = PBXBuildFile; fileRef = 2F4459722467438400C3F9A1 /* StrategicView.swift */; };
		2F44597524675CED00C3F9A1 /* PlanetStrategicView.swift in Sources */ = {isa = PBXBuildFile; fileRef = 2F44597424675CED00C3F9A1 /* PlanetStrategicView.swift */; };
		2F445977246763E900C3F9A1 /* PlayerStrategicView.swift in Sources */ = {isa = PBXBuildFile; fileRef = 2F445976246763E900C3F9A1 /* PlayerStrategicView.swift */; };
		2F4459792467647800C3F9A1 /* StrategicOffset.swift in Sources */ = {isa = PBXBuildFile; fileRef = 2F4459782467647800C3F9A1 /* StrategicOffset.swift */; };
		2F44597B2467AE4500C3F9A1 /* MessagesView.swift in Sources */ = {isa = PBXBuildFile; fileRef = 2F44597A2467AE4500C3F9A1 /* MessagesView.swift */; };
		2F44597D2467AE8300C3F9A1 /* StatisticsView.swift in Sources */ = {isa = PBXBuildFile; fileRef = 2F44597C2467AE8300C3F9A1 /* StatisticsView.swift */; };
		2F44597F2467AEA300C3F9A1 /* CommunicationsView.swift in Sources */ = {isa = PBXBuildFile; fileRef = 2F44597E2467AEA300C3F9A1 /* CommunicationsView.swift */; };
		2F45A7FA2464763200AA2A3F /* PointingView.swift in Sources */ = {isa = PBXBuildFile; fileRef = 2F45A7F92464763200AA2A3F /* PointingView.swift */; };
		2F45A7FC24647A4C00AA2A3F /* KeymapController.swift in Sources */ = {isa = PBXBuildFile; fileRef = 2F45A7FB24647A4C00AA2A3F /* KeymapController.swift */; };
		2F45A7FF246480EE00AA2A3F /* NSCommandedWindow.swift in Sources */ = {isa = PBXBuildFile; fileRef = 2F45A7FE246480EE00AA2A3F /* NSCommandedWindow.swift */; };
		2F97D84E24620CCF003CA91F /* AppDelegate.swift in Sources */ = {isa = PBXBuildFile; fileRef = 2F97D84D24620CCF003CA91F /* AppDelegate.swift */; };
		2F97D85524620CD0003CA91F /* Preview Assets.xcassets in Resources */ = {isa = PBXBuildFile; fileRef = 2F97D85424620CD0003CA91F /* Preview Assets.xcassets */; };
		2F97D85824620CD0003CA91F /* Main.storyboard in Resources */ = {isa = PBXBuildFile; fileRef = 2F97D85624620CD0003CA91F /* Main.storyboard */; };
		2F97D86424620CD0003CA91F /* Netrek2Tests.swift in Sources */ = {isa = PBXBuildFile; fileRef = 2F97D86324620CD0003CA91F /* Netrek2Tests.swift */; };
		2F97D87124620F02003CA91F /* MetaServerEntry.swift in Sources */ = {isa = PBXBuildFile; fileRef = 2F97D87024620F02003CA91F /* MetaServerEntry.swift */; };
		2F97D87324620F0B003CA91F /* MetaServer.swift in Sources */ = {isa = PBXBuildFile; fileRef = 2F97D87224620F0B003CA91F /* MetaServer.swift */; };
		2F97D87624621199003CA91F /* Collection-extensions.swift in Sources */ = {isa = PBXBuildFile; fileRef = 2F97D87524621199003CA91F /* Collection-extensions.swift */; };
		2F97D87724621199003CA91F /* Collection-extensions.swift in Sources */ = {isa = PBXBuildFile; fileRef = 2F97D87524621199003CA91F /* Collection-extensions.swift */; };
		2F97D8792462156C003CA91F /* TcpReader.swift in Sources */ = {isa = PBXBuildFile; fileRef = 2F97D8782462156C003CA91F /* TcpReader.swift */; };
		2F97D87A2462156C003CA91F /* TcpReader.swift in Sources */ = {isa = PBXBuildFile; fileRef = 2F97D8782462156C003CA91F /* TcpReader.swift */; };
		2F97D87D246216D7003CA91F /* GameState.swift in Sources */ = {isa = PBXBuildFile; fileRef = 2F97D87C246216D7003CA91F /* GameState.swift */; };
		2F97D87E246216D7003CA91F /* GameState.swift in Sources */ = {isa = PBXBuildFile; fileRef = 2F97D87C246216D7003CA91F /* GameState.swift */; };
		2F97D88024621E94003CA91F /* MakePacket.swift in Sources */ = {isa = PBXBuildFile; fileRef = 2F97D87F24621E94003CA91F /* MakePacket.swift */; };
		2F97D88124621E94003CA91F /* MakePacket.swift in Sources */ = {isa = PBXBuildFile; fileRef = 2F97D87F24621E94003CA91F /* MakePacket.swift */; };
		2F97D88424621F29003CA91F /* NetworkDelegate.swift in Sources */ = {isa = PBXBuildFile; fileRef = 2F97D88324621F29003CA91F /* NetworkDelegate.swift */; };
		2F97D88524621F29003CA91F /* NetworkDelegate.swift in Sources */ = {isa = PBXBuildFile; fileRef = 2F97D88324621F29003CA91F /* NetworkDelegate.swift */; };
		2F97D88724621FBE003CA91F /* PacketAnalyzer.swift in Sources */ = {isa = PBXBuildFile; fileRef = 2F97D88624621FBE003CA91F /* PacketAnalyzer.swift */; };
		2F97D88824621FBE003CA91F /* PacketAnalyzer.swift in Sources */ = {isa = PBXBuildFile; fileRef = 2F97D88624621FBE003CA91F /* PacketAnalyzer.swift */; };
		2F97D88A24621FE3003CA91F /* Globals.swift in Sources */ = {isa = PBXBuildFile; fileRef = 2F97D88924621FE3003CA91F /* Globals.swift */; };
		2F97D88B24621FE3003CA91F /* Globals.swift in Sources */ = {isa = PBXBuildFile; fileRef = 2F97D88924621FE3003CA91F /* Globals.swift */; };
		2F97D88D24621FE8003CA91F /* packets.swift in Sources */ = {isa = PBXBuildFile; fileRef = 2F97D88C24621FE8003CA91F /* packets.swift */; };
		2F97D88E24621FE8003CA91F /* packets.swift in Sources */ = {isa = PBXBuildFile; fileRef = 2F97D88C24621FE8003CA91F /* packets.swift */; };
		2F97D8902462200E003CA91F /* Team.swift in Sources */ = {isa = PBXBuildFile; fileRef = 2F97D88F2462200E003CA91F /* Team.swift */; };
		2F97D8912462200E003CA91F /* Team.swift in Sources */ = {isa = PBXBuildFile; fileRef = 2F97D88F2462200E003CA91F /* Team.swift */; };
		2F97D89324622061003CA91F /* ShipType.swift in Sources */ = {isa = PBXBuildFile; fileRef = 2F97D89224622061003CA91F /* ShipType.swift */; };
		2F97D89424622061003CA91F /* ShipType.swift in Sources */ = {isa = PBXBuildFile; fileRef = 2F97D89224622061003CA91F /* ShipType.swift */; };
		2F97D89A24622CDA003CA91F /* Universe.swift in Sources */ = {isa = PBXBuildFile; fileRef = 2F97D89924622CDA003CA91F /* Universe.swift */; };
		2F97D89B24622CDA003CA91F /* Universe.swift in Sources */ = {isa = PBXBuildFile; fileRef = 2F97D89924622CDA003CA91F /* Universe.swift */; };
		2F97D89D24622CED003CA91F /* ShipInfo.swift in Sources */ = {isa = PBXBuildFile; fileRef = 2F97D89C24622CED003CA91F /* ShipInfo.swift */; };
		2F97D89E24622CED003CA91F /* ShipInfo.swift in Sources */ = {isa = PBXBuildFile; fileRef = 2F97D89C24622CED003CA91F /* ShipInfo.swift */; };
		2F97D8A024622D1A003CA91F /* Planet.swift in Sources */ = {isa = PBXBuildFile; fileRef = 2F97D89F24622D19003CA91F /* Planet.swift */; };
		2F97D8A124622D1A003CA91F /* Planet.swift in Sources */ = {isa = PBXBuildFile; fileRef = 2F97D89F24622D19003CA91F /* Planet.swift */; };
		2F97D8A624622D36003CA91F /* Plasma.swift in Sources */ = {isa = PBXBuildFile; fileRef = 2F97D8A224622D36003CA91F /* Plasma.swift */; };
		2F97D8A724622D36003CA91F /* Plasma.swift in Sources */ = {isa = PBXBuildFile; fileRef = 2F97D8A224622D36003CA91F /* Plasma.swift */; };
		2F97D8A824622D36003CA91F /* Laser.swift in Sources */ = {isa = PBXBuildFile; fileRef = 2F97D8A324622D36003CA91F /* Laser.swift */; };
		2F97D8A924622D36003CA91F /* Laser.swift in Sources */ = {isa = PBXBuildFile; fileRef = 2F97D8A324622D36003CA91F /* Laser.swift */; };
		2F97D8AA24622D36003CA91F /* Torpedo.swift in Sources */ = {isa = PBXBuildFile; fileRef = 2F97D8A424622D36003CA91F /* Torpedo.swift */; };
		2F97D8AB24622D36003CA91F /* Torpedo.swift in Sources */ = {isa = PBXBuildFile; fileRef = 2F97D8A424622D36003CA91F /* Torpedo.swift */; };
		2F97D8AC24622D36003CA91F /* Player.swift in Sources */ = {isa = PBXBuildFile; fileRef = 2F97D8A524622D36003CA91F /* Player.swift */; };
		2F97D8AD24622D36003CA91F /* Player.swift in Sources */ = {isa = PBXBuildFile; fileRef = 2F97D8A524622D36003CA91F /* Player.swift */; };
		2F97D8AF246232C0003CA91F /* Zposition.swift in Sources */ = {isa = PBXBuildFile; fileRef = 2F97D8AE246232C0003CA91F /* Zposition.swift */; };
		2F97D8B0246232C0003CA91F /* Zposition.swift in Sources */ = {isa = PBXBuildFile; fileRef = 2F97D8AE246232C0003CA91F /* Zposition.swift */; };
		2F97D8BA246232FC003CA91F /* 175265__jonccox__gun-thumper.wav in Resources */ = {isa = PBXBuildFile; fileRef = 2F97D8B2246232FB003CA91F /* 175265__jonccox__gun-thumper.wav */; };
		2F97D8BB246232FC003CA91F /* 175265__jonccox__gun-thumper.wav in Resources */ = {isa = PBXBuildFile; fileRef = 2F97D8B2246232FB003CA91F /* 175265__jonccox__gun-thumper.wav */; };
		2F97D8BC246232FC003CA91F /* 175267__jonccox__gun-plasma.wav in Resources */ = {isa = PBXBuildFile; fileRef = 2F97D8B3246232FB003CA91F /* 175267__jonccox__gun-plasma.wav */; };
		2F97D8BD246232FC003CA91F /* 175267__jonccox__gun-plasma.wav in Resources */ = {isa = PBXBuildFile; fileRef = 2F97D8B3246232FB003CA91F /* 175267__jonccox__gun-plasma.wav */; };
		2F97D8BE246232FC003CA91F /* 399303__deleted-user-5405837__explosion-012.mp3 in Resources */ = {isa = PBXBuildFile; fileRef = 2F97D8B4246232FB003CA91F /* 399303__deleted-user-5405837__explosion-012.mp3 */; };
		2F97D8BF246232FC003CA91F /* 399303__deleted-user-5405837__explosion-012.mp3 in Resources */ = {isa = PBXBuildFile; fileRef = 2F97D8B4246232FB003CA91F /* 399303__deleted-user-5405837__explosion-012.mp3 */; };
		2F97D8C0246232FC003CA91F /* 175269__jonccox__gun-zap2.wav in Resources */ = {isa = PBXBuildFile; fileRef = 2F97D8B5246232FB003CA91F /* 175269__jonccox__gun-zap2.wav */; };
		2F97D8C1246232FC003CA91F /* 175269__jonccox__gun-zap2.wav in Resources */ = {isa = PBXBuildFile; fileRef = 2F97D8B5246232FB003CA91F /* 175269__jonccox__gun-zap2.wav */; };
		2F97D8C2246232FC003CA91F /* 175262__jonccox__gun-cannon.wav in Resources */ = {isa = PBXBuildFile; fileRef = 2F97D8B6246232FB003CA91F /* 175262__jonccox__gun-cannon.wav */; };
		2F97D8C3246232FC003CA91F /* 175262__jonccox__gun-cannon.wav in Resources */ = {isa = PBXBuildFile; fileRef = 2F97D8B6246232FB003CA91F /* 175262__jonccox__gun-cannon.wav */; };
		2F97D8C4246232FC003CA91F /* 175270__jonccox__gun-zap.wav in Resources */ = {isa = PBXBuildFile; fileRef = 2F97D8B7246232FB003CA91F /* 175270__jonccox__gun-zap.wav */; };
		2F97D8C5246232FC003CA91F /* 175270__jonccox__gun-zap.wav in Resources */ = {isa = PBXBuildFile; fileRef = 2F97D8B7246232FB003CA91F /* 175270__jonccox__gun-zap.wav */; };
		2F97D8C6246232FC003CA91F /* 175266__jonccox__gun-spark.wav in Resources */ = {isa = PBXBuildFile; fileRef = 2F97D8B8246232FB003CA91F /* 175266__jonccox__gun-spark.wav */; };
		2F97D8C7246232FC003CA91F /* 175266__jonccox__gun-spark.wav in Resources */ = {isa = PBXBuildFile; fileRef = 2F97D8B8246232FB003CA91F /* 175266__jonccox__gun-spark.wav */; };
		2F97D8C8246232FC003CA91F /* 71852__ludvique__digital-whoosh-soft.wav in Resources */ = {isa = PBXBuildFile; fileRef = 2F97D8B9246232FB003CA91F /* 71852__ludvique__digital-whoosh-soft.wav */; };
		2F97D8C9246232FC003CA91F /* 71852__ludvique__digital-whoosh-soft.wav in Resources */ = {isa = PBXBuildFile; fileRef = 2F97D8B9246232FB003CA91F /* 71852__ludvique__digital-whoosh-soft.wav */; };
		2F97D8CB24623315003CA91F /* SoundController.swift in Sources */ = {isa = PBXBuildFile; fileRef = 2F97D8CA24623315003CA91F /* SoundController.swift */; };
		2F97D8CC24623315003CA91F /* SoundController.swift in Sources */ = {isa = PBXBuildFile; fileRef = 2F97D8CA24623315003CA91F /* SoundController.swift */; };
		2F97D8CE24623422003CA91F /* LoginDefault.swift in Sources */ = {isa = PBXBuildFile; fileRef = 2F97D8CD24623422003CA91F /* LoginDefault.swift */; };
		2F97D8CF24623422003CA91F /* LoginDefault.swift in Sources */ = {isa = PBXBuildFile; fileRef = 2F97D8CD24623422003CA91F /* LoginDefault.swift */; };
		2F97D8D2246234A7003CA91F /* LoginInformationController.swift in Sources */ = {isa = PBXBuildFile; fileRef = 2F97D8D1246234A7003CA91F /* LoginInformationController.swift */; };
		2F97D8D3246234A7003CA91F /* LoginInformationController.swift in Sources */ = {isa = PBXBuildFile; fileRef = 2F97D8D1246234A7003CA91F /* LoginInformationController.swift */; };
		2F97D8D524623572003CA91F /* AlertCondition.swift in Sources */ = {isa = PBXBuildFile; fileRef = 2F97D8D424623572003CA91F /* AlertCondition.swift */; };
		2F97D8D624623572003CA91F /* AlertCondition.swift in Sources */ = {isa = PBXBuildFile; fileRef = 2F97D8D424623572003CA91F /* AlertCondition.swift */; };
		2F97D8D8246235C9003CA91F /* KeychainService.swift in Sources */ = {isa = PBXBuildFile; fileRef = 2F97D8D7246235C9003CA91F /* KeychainService.swift */; };
		2F97D8D9246235C9003CA91F /* KeychainService.swift in Sources */ = {isa = PBXBuildFile; fileRef = 2F97D8D7246235C9003CA91F /* KeychainService.swift */; };
		2F97D8DB24623623003CA91F /* Rank.swift in Sources */ = {isa = PBXBuildFile; fileRef = 2F97D8DA24623623003CA91F /* Rank.swift */; };
		2F97D8DC24623623003CA91F /* Rank.swift in Sources */ = {isa = PBXBuildFile; fileRef = 2F97D8DA24623623003CA91F /* Rank.swift */; };
		2F97D8DE2462364F003CA91F /* PlayerStatus.swift in Sources */ = {isa = PBXBuildFile; fileRef = 2F97D8DD2462364F003CA91F /* PlayerStatus.swift */; };
		2F97D8DF2462364F003CA91F /* PlayerStatus.swift in Sources */ = {isa = PBXBuildFile; fileRef = 2F97D8DD2462364F003CA91F /* PlayerStatus.swift */; };
		2F97D8E12462366F003CA91F /* UserDefaults-extensions.swift in Sources */ = {isa = PBXBuildFile; fileRef = 2F97D8E02462366F003CA91F /* UserDefaults-extensions.swift */; };
		2F97D8E22462366F003CA91F /* UserDefaults-extensions.swift in Sources */ = {isa = PBXBuildFile; fileRef = 2F97D8E02462366F003CA91F /* UserDefaults-extensions.swift */; };
		2F97D8E4246236A2003CA91F /* SlotStatus.swift in Sources */ = {isa = PBXBuildFile; fileRef = 2F97D8E3246236A2003CA91F /* SlotStatus.swift */; };
		2F97D8E5246236A2003CA91F /* SlotStatus.swift in Sources */ = {isa = PBXBuildFile; fileRef = 2F97D8E3246236A2003CA91F /* SlotStatus.swift */; };
		2F97D8E7246236EE003CA91F /* Data-extensions.swift in Sources */ = {isa = PBXBuildFile; fileRef = 2F97D8E6246236EE003CA91F /* Data-extensions.swift */; };
		2F97D8E8246236EE003CA91F /* Data-extensions.swift in Sources */ = {isa = PBXBuildFile; fileRef = 2F97D8E6246236EE003CA91F /* Data-extensions.swift */; };
		2F97D8EB24624014003CA91F /* TacticalView.swift in Sources */ = {isa = PBXBuildFile; fileRef = 2F97D8EA24624014003CA91F /* TacticalView.swift */; };
/* End PBXBuildFile section */

/* Begin PBXContainerItemProxy section */
		2F97D86024620CD0003CA91F /* PBXContainerItemProxy */ = {
			isa = PBXContainerItemProxy;
			containerPortal = 2F97D84224620CCF003CA91F /* Project object */;
			proxyType = 1;
			remoteGlobalIDString = 2F97D84924620CCF003CA91F;
			remoteInfo = Netrek2;
		};
/* End PBXContainerItemProxy section */

/* Begin PBXFileReference section */
		2F2789DE24872C8900038FBD /* DetonationView.swift */ = {isa = PBXFileReference; fileEncoding = 4; lastKnownFileType = sourcecode.swift; path = DetonationView.swift; sourceTree = "<group>"; };
		2F2789E0248852D300038FBD /* TractorView.swift */ = {isa = PBXFileReference; lastKnownFileType = sourcecode.swift; path = TractorView.swift; sourceTree = "<group>"; };
		2F2789E224897E9500038FBD /* BoundaryView.swift */ = {isa = PBXFileReference; lastKnownFileType = sourcecode.swift; path = BoundaryView.swift; sourceTree = "<group>"; };
		2F2789E42489822F00038FBD /* HelpView.swift */ = {isa = PBXFileReference; lastKnownFileType = sourcecode.swift; path = HelpView.swift; sourceTree = "<group>"; };
		2F2789E62489861600038FBD /* Help.swift */ = {isa = PBXFileReference; lastKnownFileType = sourcecode.swift; path = Help.swift; sourceTree = "<group>"; };
		2F2789E82489B8DF00038FBD /* PreferencesController.swift */ = {isa = PBXFileReference; lastKnownFileType = sourcecode.swift; path = PreferencesController.swift; sourceTree = "<group>"; };
		2F2C197C2484BA4800604F21 /* ExplosionView.swift */ = {isa = PBXFileReference; lastKnownFileType = sourcecode.swift; path = ExplosionView.swift; sourceTree = "<group>"; };
		2F2C197E24857CCB00604F21 /* ManualServerView.swift */ = {isa = PBXFileReference; lastKnownFileType = sourcecode.swift; path = ManualServerView.swift; sourceTree = "<group>"; };
		2F2C19802485D80B00604F21 /* PreferencesView.swift */ = {isa = PBXFileReference; lastKnownFileType = sourcecode.swift; path = PreferencesView.swift; sourceTree = "<group>"; };
		2F2C1982248629C000604F21 /* LoginView.swift */ = {isa = PBXFileReference; lastKnownFileType = sourcecode.swift; path = LoginView.swift; sourceTree = "<group>"; };
		2F2C1B8A2487196400604F21 /* Netrek.help */ = {isa = PBXFileReference; lastKnownFileType = folder; path = Netrek.help; sourceTree = "<group>"; };
		2F44288B2463555A0051D7BE /* PlanetView.swift */ = {isa = PBXFileReference; lastKnownFileType = sourcecode.swift; path = PlanetView.swift; sourceTree = "<group>"; };
		2F44288F24636B690051D7BE /* TacticalOffset.swift */ = {isa = PBXFileReference; lastKnownFileType = sourcecode.swift; path = TacticalOffset.swift; sourceTree = "<group>"; };
		2F44289224636E540051D7BE /* Assets.xcassets */ = {isa = PBXFileReference; lastKnownFileType = folder.assetcatalog; path = Assets.xcassets; sourceTree = "<group>"; };
		2F44289524639C840051D7BE /* PlayerView.swift */ = {isa = PBXFileReference; lastKnownFileType = sourcecode.swift; path = PlayerView.swift; sourceTree = "<group>"; };
		2F44596A2464B45E00C3F9A1 /* TorpedoView.swift */ = {isa = PBXFileReference; lastKnownFileType = sourcecode.swift; path = TorpedoView.swift; sourceTree = "<group>"; };
		2F44596C2465EFB300C3F9A1 /* LaserView.swift */ = {isa = PBXFileReference; fileEncoding = 4; lastKnownFileType = sourcecode.swift; path = LaserView.swift; sourceTree = "<group>"; };
		2F44596E2466324100C3F9A1 /* PlasmaView.swift */ = {isa = PBXFileReference; fileEncoding = 4; lastKnownFileType = sourcecode.swift; path = PlasmaView.swift; sourceTree = "<group>"; };
		2F4459722467438400C3F9A1 /* StrategicView.swift */ = {isa = PBXFileReference; lastKnownFileType = sourcecode.swift; path = StrategicView.swift; sourceTree = "<group>"; };
		2F44597424675CED00C3F9A1 /* PlanetStrategicView.swift */ = {isa = PBXFileReference; fileEncoding = 4; lastKnownFileType = sourcecode.swift; path = PlanetStrategicView.swift; sourceTree = "<group>"; };
		2F445976246763E900C3F9A1 /* PlayerStrategicView.swift */ = {isa = PBXFileReference; fileEncoding = 4; lastKnownFileType = sourcecode.swift; path = PlayerStrategicView.swift; sourceTree = "<group>"; };
		2F4459782467647800C3F9A1 /* StrategicOffset.swift */ = {isa = PBXFileReference; lastKnownFileType = sourcecode.swift; path = StrategicOffset.swift; sourceTree = "<group>"; };
		2F44597A2467AE4500C3F9A1 /* MessagesView.swift */ = {isa = PBXFileReference; lastKnownFileType = sourcecode.swift; path = MessagesView.swift; sourceTree = "<group>"; };
		2F44597C2467AE8300C3F9A1 /* StatisticsView.swift */ = {isa = PBXFileReference; lastKnownFileType = sourcecode.swift; path = StatisticsView.swift; sourceTree = "<group>"; };
		2F44597E2467AEA300C3F9A1 /* CommunicationsView.swift */ = {isa = PBXFileReference; lastKnownFileType = sourcecode.swift; path = CommunicationsView.swift; sourceTree = "<group>"; };
		2F45A7F92464763200AA2A3F /* PointingView.swift */ = {isa = PBXFileReference; lastKnownFileType = sourcecode.swift; path = PointingView.swift; sourceTree = "<group>"; };
		2F45A7FB24647A4C00AA2A3F /* KeymapController.swift */ = {isa = PBXFileReference; fileEncoding = 4; lastKnownFileType = sourcecode.swift; path = KeymapController.swift; sourceTree = "<group>"; };
		2F45A7FE246480EE00AA2A3F /* NSCommandedWindow.swift */ = {isa = PBXFileReference; lastKnownFileType = sourcecode.swift; path = NSCommandedWindow.swift; sourceTree = "<group>"; };
		2F97D84A24620CCF003CA91F /* Netrek.app */ = {isa = PBXFileReference; explicitFileType = wrapper.application; includeInIndex = 0; path = Netrek.app; sourceTree = BUILT_PRODUCTS_DIR; };
		2F97D84D24620CCF003CA91F /* AppDelegate.swift */ = {isa = PBXFileReference; lastKnownFileType = sourcecode.swift; path = AppDelegate.swift; sourceTree = "<group>"; };
		2F97D85424620CD0003CA91F /* Preview Assets.xcassets */ = {isa = PBXFileReference; lastKnownFileType = folder.assetcatalog; path = "Preview Assets.xcassets"; sourceTree = "<group>"; };
		2F97D85724620CD0003CA91F /* Base */ = {isa = PBXFileReference; lastKnownFileType = file.storyboard; name = Base; path = Base.lproj/Main.storyboard; sourceTree = "<group>"; };
		2F97D85924620CD0003CA91F /* Info.plist */ = {isa = PBXFileReference; lastKnownFileType = text.plist.xml; path = Info.plist; sourceTree = "<group>"; };
		2F97D85A24620CD0003CA91F /* Netrek2.entitlements */ = {isa = PBXFileReference; lastKnownFileType = text.plist.entitlements; path = Netrek2.entitlements; sourceTree = "<group>"; };
		2F97D85F24620CD0003CA91F /* Netrek2Tests.xctest */ = {isa = PBXFileReference; explicitFileType = wrapper.cfbundle; includeInIndex = 0; path = Netrek2Tests.xctest; sourceTree = BUILT_PRODUCTS_DIR; };
		2F97D86324620CD0003CA91F /* Netrek2Tests.swift */ = {isa = PBXFileReference; lastKnownFileType = sourcecode.swift; path = Netrek2Tests.swift; sourceTree = "<group>"; };
		2F97D86524620CD0003CA91F /* Info.plist */ = {isa = PBXFileReference; lastKnownFileType = text.plist.xml; path = Info.plist; sourceTree = "<group>"; };
		2F97D87024620F02003CA91F /* MetaServerEntry.swift */ = {isa = PBXFileReference; fileEncoding = 4; lastKnownFileType = sourcecode.swift; path = MetaServerEntry.swift; sourceTree = "<group>"; };
		2F97D87224620F0B003CA91F /* MetaServer.swift */ = {isa = PBXFileReference; fileEncoding = 4; lastKnownFileType = sourcecode.swift; path = MetaServer.swift; sourceTree = "<group>"; };
		2F97D87524621199003CA91F /* Collection-extensions.swift */ = {isa = PBXFileReference; fileEncoding = 4; lastKnownFileType = sourcecode.swift; path = "Collection-extensions.swift"; sourceTree = "<group>"; };
		2F97D8782462156C003CA91F /* TcpReader.swift */ = {isa = PBXFileReference; fileEncoding = 4; lastKnownFileType = sourcecode.swift; path = TcpReader.swift; sourceTree = "<group>"; };
		2F97D87C246216D7003CA91F /* GameState.swift */ = {isa = PBXFileReference; lastKnownFileType = sourcecode.swift; path = GameState.swift; sourceTree = "<group>"; };
		2F97D87F24621E94003CA91F /* MakePacket.swift */ = {isa = PBXFileReference; fileEncoding = 4; lastKnownFileType = sourcecode.swift; path = MakePacket.swift; sourceTree = "<group>"; };
		2F97D88324621F29003CA91F /* NetworkDelegate.swift */ = {isa = PBXFileReference; fileEncoding = 4; lastKnownFileType = sourcecode.swift; path = NetworkDelegate.swift; sourceTree = "<group>"; };
		2F97D88624621FBE003CA91F /* PacketAnalyzer.swift */ = {isa = PBXFileReference; fileEncoding = 4; lastKnownFileType = sourcecode.swift; path = PacketAnalyzer.swift; sourceTree = "<group>"; };
		2F97D88924621FE3003CA91F /* Globals.swift */ = {isa = PBXFileReference; fileEncoding = 4; lastKnownFileType = sourcecode.swift; path = Globals.swift; sourceTree = "<group>"; };
		2F97D88C24621FE8003CA91F /* packets.swift */ = {isa = PBXFileReference; fileEncoding = 4; lastKnownFileType = sourcecode.swift; path = packets.swift; sourceTree = "<group>"; };
		2F97D88F2462200E003CA91F /* Team.swift */ = {isa = PBXFileReference; lastKnownFileType = sourcecode.swift; path = Team.swift; sourceTree = "<group>"; };
		2F97D89224622061003CA91F /* ShipType.swift */ = {isa = PBXFileReference; lastKnownFileType = sourcecode.swift; path = ShipType.swift; sourceTree = "<group>"; };
		2F97D8952462208D003CA91F /* NetrekMath.swift */ = {isa = PBXFileReference; fileEncoding = 4; lastKnownFileType = sourcecode.swift; path = NetrekMath.swift; sourceTree = "<group>"; };
		2F97D89924622CDA003CA91F /* Universe.swift */ = {isa = PBXFileReference; fileEncoding = 4; lastKnownFileType = sourcecode.swift; path = Universe.swift; sourceTree = "<group>"; };
		2F97D89C24622CED003CA91F /* ShipInfo.swift */ = {isa = PBXFileReference; fileEncoding = 4; lastKnownFileType = sourcecode.swift; path = ShipInfo.swift; sourceTree = "<group>"; };
		2F97D89F24622D19003CA91F /* Planet.swift */ = {isa = PBXFileReference; fileEncoding = 4; lastKnownFileType = sourcecode.swift; path = Planet.swift; sourceTree = "<group>"; };
		2F97D8A224622D36003CA91F /* Plasma.swift */ = {isa = PBXFileReference; fileEncoding = 4; lastKnownFileType = sourcecode.swift; path = Plasma.swift; sourceTree = "<group>"; };
		2F97D8A324622D36003CA91F /* Laser.swift */ = {isa = PBXFileReference; fileEncoding = 4; lastKnownFileType = sourcecode.swift; path = Laser.swift; sourceTree = "<group>"; };
		2F97D8A424622D36003CA91F /* Torpedo.swift */ = {isa = PBXFileReference; fileEncoding = 4; lastKnownFileType = sourcecode.swift; path = Torpedo.swift; sourceTree = "<group>"; };
		2F97D8A524622D36003CA91F /* Player.swift */ = {isa = PBXFileReference; fileEncoding = 4; lastKnownFileType = sourcecode.swift; path = Player.swift; sourceTree = "<group>"; };
		2F97D8AE246232C0003CA91F /* Zposition.swift */ = {isa = PBXFileReference; lastKnownFileType = sourcecode.swift; path = Zposition.swift; sourceTree = "<group>"; };
		2F97D8B2246232FB003CA91F /* 175265__jonccox__gun-thumper.wav */ = {isa = PBXFileReference; lastKnownFileType = audio.wav; path = "175265__jonccox__gun-thumper.wav"; sourceTree = "<group>"; };
		2F97D8B3246232FB003CA91F /* 175267__jonccox__gun-plasma.wav */ = {isa = PBXFileReference; lastKnownFileType = audio.wav; path = "175267__jonccox__gun-plasma.wav"; sourceTree = "<group>"; };
		2F97D8B4246232FB003CA91F /* 399303__deleted-user-5405837__explosion-012.mp3 */ = {isa = PBXFileReference; lastKnownFileType = audio.mp3; path = "399303__deleted-user-5405837__explosion-012.mp3"; sourceTree = "<group>"; };
		2F97D8B5246232FB003CA91F /* 175269__jonccox__gun-zap2.wav */ = {isa = PBXFileReference; lastKnownFileType = audio.wav; path = "175269__jonccox__gun-zap2.wav"; sourceTree = "<group>"; };
		2F97D8B6246232FB003CA91F /* 175262__jonccox__gun-cannon.wav */ = {isa = PBXFileReference; lastKnownFileType = audio.wav; path = "175262__jonccox__gun-cannon.wav"; sourceTree = "<group>"; };
		2F97D8B7246232FB003CA91F /* 175270__jonccox__gun-zap.wav */ = {isa = PBXFileReference; lastKnownFileType = audio.wav; path = "175270__jonccox__gun-zap.wav"; sourceTree = "<group>"; };
		2F97D8B8246232FB003CA91F /* 175266__jonccox__gun-spark.wav */ = {isa = PBXFileReference; lastKnownFileType = audio.wav; path = "175266__jonccox__gun-spark.wav"; sourceTree = "<group>"; };
		2F97D8B9246232FB003CA91F /* 71852__ludvique__digital-whoosh-soft.wav */ = {isa = PBXFileReference; lastKnownFileType = audio.wav; path = "71852__ludvique__digital-whoosh-soft.wav"; sourceTree = "<group>"; };
		2F97D8CA24623315003CA91F /* SoundController.swift */ = {isa = PBXFileReference; fileEncoding = 4; lastKnownFileType = sourcecode.swift; path = SoundController.swift; sourceTree = "<group>"; };
		2F97D8CD24623422003CA91F /* LoginDefault.swift */ = {isa = PBXFileReference; lastKnownFileType = sourcecode.swift; path = LoginDefault.swift; sourceTree = "<group>"; };
		2F97D8D1246234A7003CA91F /* LoginInformationController.swift */ = {isa = PBXFileReference; fileEncoding = 4; lastKnownFileType = sourcecode.swift; path = LoginInformationController.swift; sourceTree = "<group>"; };
		2F97D8D424623572003CA91F /* AlertCondition.swift */ = {isa = PBXFileReference; lastKnownFileType = sourcecode.swift; path = AlertCondition.swift; sourceTree = "<group>"; };
		2F97D8D7246235C9003CA91F /* KeychainService.swift */ = {isa = PBXFileReference; fileEncoding = 4; lastKnownFileType = sourcecode.swift; path = KeychainService.swift; sourceTree = "<group>"; };
		2F97D8DA24623623003CA91F /* Rank.swift */ = {isa = PBXFileReference; lastKnownFileType = sourcecode.swift; path = Rank.swift; sourceTree = "<group>"; };
		2F97D8DD2462364F003CA91F /* PlayerStatus.swift */ = {isa = PBXFileReference; lastKnownFileType = sourcecode.swift; path = PlayerStatus.swift; sourceTree = "<group>"; };
		2F97D8E02462366F003CA91F /* UserDefaults-extensions.swift */ = {isa = PBXFileReference; fileEncoding = 4; lastKnownFileType = sourcecode.swift; path = "UserDefaults-extensions.swift"; sourceTree = "<group>"; };
		2F97D8E3246236A2003CA91F /* SlotStatus.swift */ = {isa = PBXFileReference; lastKnownFileType = sourcecode.swift; path = SlotStatus.swift; sourceTree = "<group>"; };
		2F97D8E6246236EE003CA91F /* Data-extensions.swift */ = {isa = PBXFileReference; fileEncoding = 4; lastKnownFileType = sourcecode.swift; path = "Data-extensions.swift"; sourceTree = "<group>"; };
		2F97D8EA24624014003CA91F /* TacticalView.swift */ = {isa = PBXFileReference; lastKnownFileType = sourcecode.swift; path = TacticalView.swift; sourceTree = "<group>"; };
/* End PBXFileReference section */

/* Begin PBXFrameworksBuildPhase section */
		2F97D84724620CCF003CA91F /* Frameworks */ = {
			isa = PBXFrameworksBuildPhase;
			buildActionMask = 2147483647;
			files = (
			);
			runOnlyForDeploymentPostprocessing = 0;
		};
		2F97D85C24620CD0003CA91F /* Frameworks */ = {
			isa = PBXFrameworksBuildPhase;
			buildActionMask = 2147483647;
			files = (
			);
			runOnlyForDeploymentPostprocessing = 0;
		};
/* End PBXFrameworksBuildPhase section */

/* Begin PBXGroup section */
		2F2C1AF52487183E00604F21 /* Resources */ = {
			isa = PBXGroup;
			children = (
				2F2C1B8A2487196400604F21 /* Netrek.help */,
			);
			path = Resources;
			sourceTree = "<group>";
		};
		2F45A7FD2464807F00AA2A3F /* Gobal Group */ = {
			isa = PBXGroup;
			children = (
				2F97D84D24620CCF003CA91F /* AppDelegate.swift */,
				2F97D85624620CD0003CA91F /* Main.storyboard */,
				2F44289224636E540051D7BE /* Assets.xcassets */,
			);
			path = "Gobal Group";
			sourceTree = "<group>";
		};
		2F97D84124620CCF003CA91F = {
			isa = PBXGroup;
			children = (
				2F97D84C24620CCF003CA91F /* Netrek2 */,
				2F97D86224620CD0003CA91F /* Netrek2Tests */,
				2F97D84B24620CCF003CA91F /* Products */,
			);
			sourceTree = "<group>";
		};
		2F97D84B24620CCF003CA91F /* Products */ = {
			isa = PBXGroup;
			children = (
				2F97D84A24620CCF003CA91F /* Netrek.app */,
				2F97D85F24620CD0003CA91F /* Netrek2Tests.xctest */,
			);
			name = Products;
			sourceTree = "<group>";
		};
		2F97D84C24620CCF003CA91F /* Netrek2 */ = {
			isa = PBXGroup;
			children = (
				2F2C1AF52487183E00604F21 /* Resources */,
				2F45A7FD2464807F00AA2A3F /* Gobal Group */,
				2F97D85A24620CD0003CA91F /* Netrek2.entitlements */,
				2F97D85924620CD0003CA91F /* Info.plist */,
				2F97D8E924623FFD003CA91F /* Views */,
				2F97D8D02462349D003CA91F /* Controllers */,
				2F97D89824622CCE003CA91F /* Model */,
				2F97D88224621F21003CA91F /* Protocols */,
				2F97D87B246216C6003CA91F /* Enumerations */,
				2F97D8742462118D003CA91F /* Extensions */,
				2F97D86F24620EEA003CA91F /* DataTypes */,
				2F97D86E24620D16003CA91F /* Communication */,
				2F97D8B1246232FB003CA91F /* Sounds */,
				2F97D85324620CD0003CA91F /* Preview Content */,
			);
			path = Netrek2;
			sourceTree = "<group>";
		};
		2F97D85324620CD0003CA91F /* Preview Content */ = {
			isa = PBXGroup;
			children = (
				2F97D85424620CD0003CA91F /* Preview Assets.xcassets */,
			);
			path = "Preview Content";
			sourceTree = "<group>";
		};
		2F97D86224620CD0003CA91F /* Netrek2Tests */ = {
			isa = PBXGroup;
			children = (
				2F97D86324620CD0003CA91F /* Netrek2Tests.swift */,
				2F97D86524620CD0003CA91F /* Info.plist */,
			);
			path = Netrek2Tests;
			sourceTree = "<group>";
		};
		2F97D86E24620D16003CA91F /* Communication */ = {
			isa = PBXGroup;
			children = (
				2F97D88C24621FE8003CA91F /* packets.swift */,
				2F97D88624621FBE003CA91F /* PacketAnalyzer.swift */,
				2F97D88924621FE3003CA91F /* Globals.swift */,
				2F97D87F24621E94003CA91F /* MakePacket.swift */,
				2F97D8782462156C003CA91F /* TcpReader.swift */,
			);
			path = Communication;
			sourceTree = "<group>";
		};
		2F97D86F24620EEA003CA91F /* DataTypes */ = {
			isa = PBXGroup;
			children = (
				2F97D87224620F0B003CA91F /* MetaServer.swift */,
				2F97D87024620F02003CA91F /* MetaServerEntry.swift */,
			);
			path = DataTypes;
			sourceTree = "<group>";
		};
		2F97D8742462118D003CA91F /* Extensions */ = {
			isa = PBXGroup;
			children = (
				2F97D8E02462366F003CA91F /* UserDefaults-extensions.swift */,
				2F97D87524621199003CA91F /* Collection-extensions.swift */,
			);
			path = Extensions;
			sourceTree = "<group>";
		};
		2F97D87B246216C6003CA91F /* Enumerations */ = {
			isa = PBXGroup;
			children = (
				2F97D87C246216D7003CA91F /* GameState.swift */,
				2F97D88F2462200E003CA91F /* Team.swift */,
				2F97D89224622061003CA91F /* ShipType.swift */,
				2F97D8AE246232C0003CA91F /* Zposition.swift */,
				2F97D8CD24623422003CA91F /* LoginDefault.swift */,
				2F97D8D424623572003CA91F /* AlertCondition.swift */,
				2F97D8DA24623623003CA91F /* Rank.swift */,
				2F97D8DD2462364F003CA91F /* PlayerStatus.swift */,
				2F97D8E3246236A2003CA91F /* SlotStatus.swift */,
				2F97D8E6246236EE003CA91F /* Data-extensions.swift */,
			);
			path = Enumerations;
			sourceTree = "<group>";
		};
		2F97D88224621F21003CA91F /* Protocols */ = {
			isa = PBXGroup;
			children = (
				2F97D88324621F29003CA91F /* NetworkDelegate.swift */,
			);
			path = Protocols;
			sourceTree = "<group>";
		};
		2F97D89824622CCE003CA91F /* Model */ = {
			isa = PBXGroup;
			children = (
				2F97D8952462208D003CA91F /* NetrekMath.swift */,
				2F97D89924622CDA003CA91F /* Universe.swift */,
				2F97D89C24622CED003CA91F /* ShipInfo.swift */,
				2F97D89F24622D19003CA91F /* Planet.swift */,
				2F97D8A324622D36003CA91F /* Laser.swift */,
				2F97D8A224622D36003CA91F /* Plasma.swift */,
				2F97D8A524622D36003CA91F /* Player.swift */,
				2F97D8A424622D36003CA91F /* Torpedo.swift */,
				2F2789E62489861600038FBD /* Help.swift */,
			);
			path = Model;
			sourceTree = "<group>";
		};
		2F97D8B1246232FB003CA91F /* Sounds */ = {
			isa = PBXGroup;
			children = (
				2F97D8CA24623315003CA91F /* SoundController.swift */,
				2F97D8B2246232FB003CA91F /* 175265__jonccox__gun-thumper.wav */,
				2F97D8B3246232FB003CA91F /* 175267__jonccox__gun-plasma.wav */,
				2F97D8B4246232FB003CA91F /* 399303__deleted-user-5405837__explosion-012.mp3 */,
				2F97D8B5246232FB003CA91F /* 175269__jonccox__gun-zap2.wav */,
				2F97D8B6246232FB003CA91F /* 175262__jonccox__gun-cannon.wav */,
				2F97D8B7246232FB003CA91F /* 175270__jonccox__gun-zap.wav */,
				2F97D8B8246232FB003CA91F /* 175266__jonccox__gun-spark.wav */,
				2F97D8B9246232FB003CA91F /* 71852__ludvique__digital-whoosh-soft.wav */,
			);
			path = Sounds;
			sourceTree = "<group>";
		};
		2F97D8D02462349D003CA91F /* Controllers */ = {
			isa = PBXGroup;
			children = (
				2F97D8D1246234A7003CA91F /* LoginInformationController.swift */,
				2F97D8D7246235C9003CA91F /* KeychainService.swift */,
				2F45A7FB24647A4C00AA2A3F /* KeymapController.swift */,
				2F2789E82489B8DF00038FBD /* PreferencesController.swift */,
			);
			path = Controllers;
			sourceTree = "<group>";
		};
		2F97D8E924623FFD003CA91F /* Views */ = {
			isa = PBXGroup;
			children = (
				2F97D8EA24624014003CA91F /* TacticalView.swift */,
				2F4459722467438400C3F9A1 /* StrategicView.swift */,
				2F44597E2467AEA300C3F9A1 /* CommunicationsView.swift */,
				2F44597C2467AE8300C3F9A1 /* StatisticsView.swift */,
				2F44597A2467AE4500C3F9A1 /* MessagesView.swift */,
				2F44288B2463555A0051D7BE /* PlanetView.swift */,
				2F44597424675CED00C3F9A1 /* PlanetStrategicView.swift */,
				2F44288F24636B690051D7BE /* TacticalOffset.swift */,
				2F4459782467647800C3F9A1 /* StrategicOffset.swift */,
				2F44289524639C840051D7BE /* PlayerView.swift */,
				2F445976246763E900C3F9A1 /* PlayerStrategicView.swift */,
				2F45A7F92464763200AA2A3F /* PointingView.swift */,
				2F45A7FE246480EE00AA2A3F /* NSCommandedWindow.swift */,
				2F44596A2464B45E00C3F9A1 /* TorpedoView.swift */,
				2F44596E2466324100C3F9A1 /* PlasmaView.swift */,
				2F44596C2465EFB300C3F9A1 /* LaserView.swift */,
				2F2C197C2484BA4800604F21 /* ExplosionView.swift */,
				2F2789DE24872C8900038FBD /* DetonationView.swift */,
				2F2C197E24857CCB00604F21 /* ManualServerView.swift */,
				2F2C19802485D80B00604F21 /* PreferencesView.swift */,
				2F2C1982248629C000604F21 /* LoginView.swift */,
				2F2789E0248852D300038FBD /* TractorView.swift */,
				2F2789E224897E9500038FBD /* BoundaryView.swift */,
				2F2789E42489822F00038FBD /* HelpView.swift */,
			);
			path = Views;
			sourceTree = "<group>";
		};
/* End PBXGroup section */

/* Begin PBXNativeTarget section */
		2F97D84924620CCF003CA91F /* Netrek */ = {
			isa = PBXNativeTarget;
			buildConfigurationList = 2F97D86824620CD0003CA91F /* Build configuration list for PBXNativeTarget "Netrek" */;
			buildPhases = (
				2F97D84624620CCF003CA91F /* Sources */,
				2F97D84724620CCF003CA91F /* Frameworks */,
				2F97D84824620CCF003CA91F /* Resources */,
			);
			buildRules = (
			);
			dependencies = (
			);
			name = Netrek;
			productName = Netrek2;
			productReference = 2F97D84A24620CCF003CA91F /* Netrek.app */;
			productType = "com.apple.product-type.application";
		};
		2F97D85E24620CD0003CA91F /* Netrek2Tests */ = {
			isa = PBXNativeTarget;
			buildConfigurationList = 2F97D86B24620CD0003CA91F /* Build configuration list for PBXNativeTarget "Netrek2Tests" */;
			buildPhases = (
				2F97D85B24620CD0003CA91F /* Sources */,
				2F97D85C24620CD0003CA91F /* Frameworks */,
				2F97D85D24620CD0003CA91F /* Resources */,
			);
			buildRules = (
			);
			dependencies = (
				2F97D86124620CD0003CA91F /* PBXTargetDependency */,
			);
			name = Netrek2Tests;
			productName = Netrek2Tests;
			productReference = 2F97D85F24620CD0003CA91F /* Netrek2Tests.xctest */;
			productType = "com.apple.product-type.bundle.unit-test";
		};
/* End PBXNativeTarget section */

/* Begin PBXProject section */
		2F97D84224620CCF003CA91F /* Project object */ = {
			isa = PBXProject;
			attributes = {
				LastSwiftUpdateCheck = 1140;
				LastUpgradeCheck = 1150;
				ORGANIZATIONNAME = "Darrell Root";
				TargetAttributes = {
					2F97D84924620CCF003CA91F = {
						CreatedOnToolsVersion = 11.4.1;
					};
					2F97D85E24620CD0003CA91F = {
						CreatedOnToolsVersion = 11.4.1;
						TestTargetID = 2F97D84924620CCF003CA91F;
					};
				};
			};
			buildConfigurationList = 2F97D84524620CCF003CA91F /* Build configuration list for PBXProject "Netrek2" */;
			compatibilityVersion = "Xcode 9.3";
			developmentRegion = en;
			hasScannedForEncodings = 0;
			knownRegions = (
				en,
				Base,
				"en-US",
			);
			mainGroup = 2F97D84124620CCF003CA91F;
			productRefGroup = 2F97D84B24620CCF003CA91F /* Products */;
			projectDirPath = "";
			projectRoot = "";
			targets = (
				2F97D84924620CCF003CA91F /* Netrek */,
				2F97D85E24620CD0003CA91F /* Netrek2Tests */,
			);
		};
/* End PBXProject section */

/* Begin PBXResourcesBuildPhase section */
		2F97D84824620CCF003CA91F /* Resources */ = {
			isa = PBXResourcesBuildPhase;
			buildActionMask = 2147483647;
			files = (
				2F97D8BA246232FC003CA91F /* 175265__jonccox__gun-thumper.wav in Resources */,
				2F97D8BE246232FC003CA91F /* 399303__deleted-user-5405837__explosion-012.mp3 in Resources */,
				2F44289324636E540051D7BE /* Assets.xcassets in Resources */,
				2F97D8BC246232FC003CA91F /* 175267__jonccox__gun-plasma.wav in Resources */,
				2F97D8C8246232FC003CA91F /* 71852__ludvique__digital-whoosh-soft.wav in Resources */,
				2F97D8C4246232FC003CA91F /* 175270__jonccox__gun-zap.wav in Resources */,
				2F97D85824620CD0003CA91F /* Main.storyboard in Resources */,
				2F97D8C0246232FC003CA91F /* 175269__jonccox__gun-zap2.wav in Resources */,
				2F97D85524620CD0003CA91F /* Preview Assets.xcassets in Resources */,
				2F97D8C6246232FC003CA91F /* 175266__jonccox__gun-spark.wav in Resources */,
				2F97D8C2246232FC003CA91F /* 175262__jonccox__gun-cannon.wav in Resources */,
				2F2C1B8B2487196400604F21 /* Netrek.help in Resources */,
			);
			runOnlyForDeploymentPostprocessing = 0;
		};
		2F97D85D24620CD0003CA91F /* Resources */ = {
			isa = PBXResourcesBuildPhase;
			buildActionMask = 2147483647;
			files = (
				2F97D8C5246232FC003CA91F /* 175270__jonccox__gun-zap.wav in Resources */,
				2F97D8BD246232FC003CA91F /* 175267__jonccox__gun-plasma.wav in Resources */,
				2F97D8C9246232FC003CA91F /* 71852__ludvique__digital-whoosh-soft.wav in Resources */,
				2F97D8C7246232FC003CA91F /* 175266__jonccox__gun-spark.wav in Resources */,
				2F97D8BF246232FC003CA91F /* 399303__deleted-user-5405837__explosion-012.mp3 in Resources */,
				2F97D8BB246232FC003CA91F /* 175265__jonccox__gun-thumper.wav in Resources */,
				2F97D8C1246232FC003CA91F /* 175269__jonccox__gun-zap2.wav in Resources */,
				2F44289424636E540051D7BE /* Assets.xcassets in Resources */,
				2F97D8C3246232FC003CA91F /* 175262__jonccox__gun-cannon.wav in Resources */,
			);
			runOnlyForDeploymentPostprocessing = 0;
		};
/* End PBXResourcesBuildPhase section */

/* Begin PBXSourcesBuildPhase section */
		2F97D84624620CCF003CA91F /* Sources */ = {
			isa = PBXSourcesBuildPhase;
			buildActionMask = 2147483647;
			files = (
				2F2789E92489B8DF00038FBD /* PreferencesController.swift in Sources */,
				2F2789E72489861600038FBD /* Help.swift in Sources */,
				2F44288D24635BDA0051D7BE /* NetrekMath.swift in Sources */,
				2F97D8AC24622D36003CA91F /* Player.swift in Sources */,
				2F97D8E12462366F003CA91F /* UserDefaults-extensions.swift in Sources */,
				2F97D87D246216D7003CA91F /* GameState.swift in Sources */,
				2F44597F2467AEA300C3F9A1 /* CommunicationsView.swift in Sources */,
				2F97D8DE2462364F003CA91F /* PlayerStatus.swift in Sources */,
				2F44288C2463555A0051D7BE /* PlanetView.swift in Sources */,
				2F97D88024621E94003CA91F /* MakePacket.swift in Sources */,
				2F97D8902462200E003CA91F /* Team.swift in Sources */,
				2F97D8A024622D1A003CA91F /* Planet.swift in Sources */,
				2F44597524675CED00C3F9A1 /* PlanetStrategicView.swift in Sources */,
				2F97D8EB24624014003CA91F /* TacticalView.swift in Sources */,
				2F2C197F24857CCB00604F21 /* ManualServerView.swift in Sources */,
				2F97D87124620F02003CA91F /* MetaServerEntry.swift in Sources */,
				2F4459732467438400C3F9A1 /* StrategicView.swift in Sources */,
				2F97D8DB24623623003CA91F /* Rank.swift in Sources */,
				2F44596D2465EFB300C3F9A1 /* LaserView.swift in Sources */,
				2F2789E1248852D300038FBD /* TractorView.swift in Sources */,
				2F2C197D2484BA4800604F21 /* ExplosionView.swift in Sources */,
				2F97D88D24621FE8003CA91F /* packets.swift in Sources */,
				2F97D88724621FBE003CA91F /* PacketAnalyzer.swift in Sources */,
				2F97D8A624622D36003CA91F /* Plasma.swift in Sources */,
				2F44597B2467AE4500C3F9A1 /* MessagesView.swift in Sources */,
				2F97D8AA24622D36003CA91F /* Torpedo.swift in Sources */,
				2F97D88424621F29003CA91F /* NetworkDelegate.swift in Sources */,
				2F97D88A24621FE3003CA91F /* Globals.swift in Sources */,
				2F4459792467647800C3F9A1 /* StrategicOffset.swift in Sources */,
				2F45A7FA2464763200AA2A3F /* PointingView.swift in Sources */,
				2F2789DF24872C8900038FBD /* DetonationView.swift in Sources */,
				2F97D8CB24623315003CA91F /* SoundController.swift in Sources */,
				2F97D8E7246236EE003CA91F /* Data-extensions.swift in Sources */,
				2F2C19812485D80B00604F21 /* PreferencesView.swift in Sources */,
				2F97D8E4246236A2003CA91F /* SlotStatus.swift in Sources */,
				2F97D8D524623572003CA91F /* AlertCondition.swift in Sources */,
				2F97D87324620F0B003CA91F /* MetaServer.swift in Sources */,
				2F97D8CE24623422003CA91F /* LoginDefault.swift in Sources */,
				2F2789E324897E9500038FBD /* BoundaryView.swift in Sources */,
				2F445977246763E900C3F9A1 /* PlayerStrategicView.swift in Sources */,
				2F44596F2466324100C3F9A1 /* PlasmaView.swift in Sources */,
				2F45A7FC24647A4C00AA2A3F /* KeymapController.swift in Sources */,
				2F44289624639C840051D7BE /* PlayerView.swift in Sources */,
				2F45A7FF246480EE00AA2A3F /* NSCommandedWindow.swift in Sources */,
				2F44596B2464B45E00C3F9A1 /* TorpedoView.swift in Sources */,
				2F97D89A24622CDA003CA91F /* Universe.swift in Sources */,
				2F44597D2467AE8300C3F9A1 /* StatisticsView.swift in Sources */,
				2F97D8A824622D36003CA91F /* Laser.swift in Sources */,
				2F97D8792462156C003CA91F /* TcpReader.swift in Sources */,
				2F97D8AF246232C0003CA91F /* Zposition.swift in Sources */,
				2F97D8D2246234A7003CA91F /* LoginInformationController.swift in Sources */,
				2F2789E52489822F00038FBD /* HelpView.swift in Sources */,
				2F97D89D24622CED003CA91F /* ShipInfo.swift in Sources */,
				2F97D89324622061003CA91F /* ShipType.swift in Sources */,
				2F97D8D8246235C9003CA91F /* KeychainService.swift in Sources */,
				2F97D87624621199003CA91F /* Collection-extensions.swift in Sources */,
				2F2C1983248629C000604F21 /* LoginView.swift in Sources */,
				2F97D84E24620CCF003CA91F /* AppDelegate.swift in Sources */,
				2F44289024636B690051D7BE /* TacticalOffset.swift in Sources */,
			);
			runOnlyForDeploymentPostprocessing = 0;
		};
		2F97D85B24620CD0003CA91F /* Sources */ = {
			isa = PBXSourcesBuildPhase;
			buildActionMask = 2147483647;
			files = (
				2F44288E24635BF20051D7BE /* NetrekMath.swift in Sources */,
				2F97D86424620CD0003CA91F /* Netrek2Tests.swift in Sources */,
				2F97D89424622061003CA91F /* ShipType.swift in Sources */,
				2F97D87E246216D7003CA91F /* GameState.swift in Sources */,
				2F97D8D9246235C9003CA91F /* KeychainService.swift in Sources */,
				2F97D88824621FBE003CA91F /* PacketAnalyzer.swift in Sources */,
				2F97D8CC24623315003CA91F /* SoundController.swift in Sources */,
				2F97D8CF24623422003CA91F /* LoginDefault.swift in Sources */,
				2F97D88E24621FE8003CA91F /* packets.swift in Sources */,
				2F97D8A724622D36003CA91F /* Plasma.swift in Sources */,
				2F97D8E5246236A2003CA91F /* SlotStatus.swift in Sources */,
				2F97D87724621199003CA91F /* Collection-extensions.swift in Sources */,
				2F97D8A924622D36003CA91F /* Laser.swift in Sources */,
				2F97D8DC24623623003CA91F /* Rank.swift in Sources */,
				2F44289124636B690051D7BE /* TacticalOffset.swift in Sources */,
				2F97D8D3246234A7003CA91F /* LoginInformationController.swift in Sources */,
				2F97D88B24621FE3003CA91F /* Globals.swift in Sources */,
				2F97D8DF2462364F003CA91F /* PlayerStatus.swift in Sources */,
				2F97D8AB24622D36003CA91F /* Torpedo.swift in Sources */,
				2F97D8E8246236EE003CA91F /* Data-extensions.swift in Sources */,
				2F97D88524621F29003CA91F /* NetworkDelegate.swift in Sources */,
				2F97D8D624623572003CA91F /* AlertCondition.swift in Sources */,
				2F97D88124621E94003CA91F /* MakePacket.swift in Sources */,
				2F97D8A124622D1A003CA91F /* Planet.swift in Sources */,
				2F97D8B0246232C0003CA91F /* Zposition.swift in Sources */,
				2F97D89E24622CED003CA91F /* ShipInfo.swift in Sources */,
				2F97D8912462200E003CA91F /* Team.swift in Sources */,
				2F97D8E22462366F003CA91F /* UserDefaults-extensions.swift in Sources */,
				2F97D8AD24622D36003CA91F /* Player.swift in Sources */,
				2F97D89B24622CDA003CA91F /* Universe.swift in Sources */,
				2F97D87A2462156C003CA91F /* TcpReader.swift in Sources */,
			);
			runOnlyForDeploymentPostprocessing = 0;
		};
/* End PBXSourcesBuildPhase section */

/* Begin PBXTargetDependency section */
		2F97D86124620CD0003CA91F /* PBXTargetDependency */ = {
			isa = PBXTargetDependency;
			target = 2F97D84924620CCF003CA91F /* Netrek */;
			targetProxy = 2F97D86024620CD0003CA91F /* PBXContainerItemProxy */;
		};
/* End PBXTargetDependency section */

/* Begin PBXVariantGroup section */
		2F97D85624620CD0003CA91F /* Main.storyboard */ = {
			isa = PBXVariantGroup;
			children = (
				2F97D85724620CD0003CA91F /* Base */,
			);
			name = Main.storyboard;
			sourceTree = "<group>";
		};
/* End PBXVariantGroup section */

/* Begin XCBuildConfiguration section */
		2F97D86624620CD0003CA91F /* Debug */ = {
			isa = XCBuildConfiguration;
			buildSettings = {
				ALWAYS_SEARCH_USER_PATHS = NO;
				CLANG_ANALYZER_NONNULL = YES;
				CLANG_ANALYZER_NUMBER_OBJECT_CONVERSION = YES_AGGRESSIVE;
				CLANG_CXX_LANGUAGE_STANDARD = "gnu++14";
				CLANG_CXX_LIBRARY = "libc++";
				CLANG_ENABLE_MODULES = YES;
				CLANG_ENABLE_OBJC_ARC = YES;
				CLANG_ENABLE_OBJC_WEAK = YES;
				CLANG_WARN_BLOCK_CAPTURE_AUTORELEASING = YES;
				CLANG_WARN_BOOL_CONVERSION = YES;
				CLANG_WARN_COMMA = YES;
				CLANG_WARN_CONSTANT_CONVERSION = YES;
				CLANG_WARN_DEPRECATED_OBJC_IMPLEMENTATIONS = YES;
				CLANG_WARN_DIRECT_OBJC_ISA_USAGE = YES_ERROR;
				CLANG_WARN_DOCUMENTATION_COMMENTS = YES;
				CLANG_WARN_EMPTY_BODY = YES;
				CLANG_WARN_ENUM_CONVERSION = YES;
				CLANG_WARN_INFINITE_RECURSION = YES;
				CLANG_WARN_INT_CONVERSION = YES;
				CLANG_WARN_NON_LITERAL_NULL_CONVERSION = YES;
				CLANG_WARN_OBJC_IMPLICIT_RETAIN_SELF = YES;
				CLANG_WARN_OBJC_LITERAL_CONVERSION = YES;
				CLANG_WARN_OBJC_ROOT_CLASS = YES_ERROR;
				CLANG_WARN_RANGE_LOOP_ANALYSIS = YES;
				CLANG_WARN_STRICT_PROTOTYPES = YES;
				CLANG_WARN_SUSPICIOUS_MOVE = YES;
				CLANG_WARN_UNGUARDED_AVAILABILITY = YES_AGGRESSIVE;
				CLANG_WARN_UNREACHABLE_CODE = YES;
				CLANG_WARN__DUPLICATE_METHOD_MATCH = YES;
				COPY_PHASE_STRIP = NO;
				DEBUG_INFORMATION_FORMAT = dwarf;
				ENABLE_STRICT_OBJC_MSGSEND = YES;
				ENABLE_TESTABILITY = YES;
				GCC_C_LANGUAGE_STANDARD = gnu11;
				GCC_DYNAMIC_NO_PIC = NO;
				GCC_NO_COMMON_BLOCKS = YES;
				GCC_OPTIMIZATION_LEVEL = 0;
				GCC_PREPROCESSOR_DEFINITIONS = (
					"DEBUG=1",
					"$(inherited)",
				);
				GCC_WARN_64_TO_32_BIT_CONVERSION = YES;
				GCC_WARN_ABOUT_RETURN_TYPE = YES_ERROR;
				GCC_WARN_UNDECLARED_SELECTOR = YES;
				GCC_WARN_UNINITIALIZED_AUTOS = YES_AGGRESSIVE;
				GCC_WARN_UNUSED_FUNCTION = YES;
				GCC_WARN_UNUSED_VARIABLE = YES;
				MACOSX_DEPLOYMENT_TARGET = 10.15;
				MTL_ENABLE_DEBUG_INFO = INCLUDE_SOURCE;
				MTL_FAST_MATH = YES;
				ONLY_ACTIVE_ARCH = YES;
				SDKROOT = macosx;
				SWIFT_ACTIVE_COMPILATION_CONDITIONS = DEBUG;
				SWIFT_OPTIMIZATION_LEVEL = "-Onone";
			};
			name = Debug;
		};
		2F97D86724620CD0003CA91F /* Release */ = {
			isa = XCBuildConfiguration;
			buildSettings = {
				ALWAYS_SEARCH_USER_PATHS = NO;
				CLANG_ANALYZER_NONNULL = YES;
				CLANG_ANALYZER_NUMBER_OBJECT_CONVERSION = YES_AGGRESSIVE;
				CLANG_CXX_LANGUAGE_STANDARD = "gnu++14";
				CLANG_CXX_LIBRARY = "libc++";
				CLANG_ENABLE_MODULES = YES;
				CLANG_ENABLE_OBJC_ARC = YES;
				CLANG_ENABLE_OBJC_WEAK = YES;
				CLANG_WARN_BLOCK_CAPTURE_AUTORELEASING = YES;
				CLANG_WARN_BOOL_CONVERSION = YES;
				CLANG_WARN_COMMA = YES;
				CLANG_WARN_CONSTANT_CONVERSION = YES;
				CLANG_WARN_DEPRECATED_OBJC_IMPLEMENTATIONS = YES;
				CLANG_WARN_DIRECT_OBJC_ISA_USAGE = YES_ERROR;
				CLANG_WARN_DOCUMENTATION_COMMENTS = YES;
				CLANG_WARN_EMPTY_BODY = YES;
				CLANG_WARN_ENUM_CONVERSION = YES;
				CLANG_WARN_INFINITE_RECURSION = YES;
				CLANG_WARN_INT_CONVERSION = YES;
				CLANG_WARN_NON_LITERAL_NULL_CONVERSION = YES;
				CLANG_WARN_OBJC_IMPLICIT_RETAIN_SELF = YES;
				CLANG_WARN_OBJC_LITERAL_CONVERSION = YES;
				CLANG_WARN_OBJC_ROOT_CLASS = YES_ERROR;
				CLANG_WARN_RANGE_LOOP_ANALYSIS = YES;
				CLANG_WARN_STRICT_PROTOTYPES = YES;
				CLANG_WARN_SUSPICIOUS_MOVE = YES;
				CLANG_WARN_UNGUARDED_AVAILABILITY = YES_AGGRESSIVE;
				CLANG_WARN_UNREACHABLE_CODE = YES;
				CLANG_WARN__DUPLICATE_METHOD_MATCH = YES;
				COPY_PHASE_STRIP = NO;
				DEBUG_INFORMATION_FORMAT = "dwarf-with-dsym";
				ENABLE_NS_ASSERTIONS = NO;
				ENABLE_STRICT_OBJC_MSGSEND = YES;
				GCC_C_LANGUAGE_STANDARD = gnu11;
				GCC_NO_COMMON_BLOCKS = YES;
				GCC_WARN_64_TO_32_BIT_CONVERSION = YES;
				GCC_WARN_ABOUT_RETURN_TYPE = YES_ERROR;
				GCC_WARN_UNDECLARED_SELECTOR = YES;
				GCC_WARN_UNINITIALIZED_AUTOS = YES_AGGRESSIVE;
				GCC_WARN_UNUSED_FUNCTION = YES;
				GCC_WARN_UNUSED_VARIABLE = YES;
				MACOSX_DEPLOYMENT_TARGET = 10.15;
				MTL_ENABLE_DEBUG_INFO = NO;
				MTL_FAST_MATH = YES;
				SDKROOT = macosx;
				SWIFT_COMPILATION_MODE = wholemodule;
				SWIFT_OPTIMIZATION_LEVEL = "-O";
			};
			name = Release;
		};
		2F97D86924620CD0003CA91F /* Debug */ = {
			isa = XCBuildConfiguration;
			buildSettings = {
				ASSETCATALOG_COMPILER_APPICON_NAME = AppIcon;
				CODE_SIGN_ENTITLEMENTS = Netrek2/Netrek2.entitlements;
				CODE_SIGN_IDENTITY = "-";
				CODE_SIGN_STYLE = Automatic;
				COMBINE_HIDPI_IMAGES = YES;
				CURRENT_PROJECT_VERSION = 11;
				DEVELOPMENT_ASSET_PATHS = "\"Netrek2/Preview Content\"";
				DEVELOPMENT_TEAM = 8DU2Q8ABKY;
				ENABLE_HARDENED_RUNTIME = YES;
				ENABLE_PREVIEWS = YES;
				INFOPLIST_FILE = Netrek2/Info.plist;
				LD_RUNPATH_SEARCH_PATHS = (
					"$(inherited)",
					"@executable_path/../Frameworks",
				);
				MACOSX_DEPLOYMENT_TARGET = 10.15;
				MARKETING_VERSION = 2.0;
				PRODUCT_BUNDLE_IDENTIFIER = net.networkmom.netrek;
				PRODUCT_NAME = "$(TARGET_NAME)";
				SWIFT_VERSION = 5.0;
			};
			name = Debug;
		};
		2F97D86A24620CD0003CA91F /* Release */ = {
			isa = XCBuildConfiguration;
			buildSettings = {
				ASSETCATALOG_COMPILER_APPICON_NAME = AppIcon;
				CODE_SIGN_ENTITLEMENTS = Netrek2/Netrek2.entitlements;
				CODE_SIGN_IDENTITY = "-";
				CODE_SIGN_STYLE = Automatic;
				COMBINE_HIDPI_IMAGES = YES;
				CURRENT_PROJECT_VERSION = 11;
				DEVELOPMENT_ASSET_PATHS = "\"Netrek2/Preview Content\"";
				DEVELOPMENT_TEAM = 8DU2Q8ABKY;
				ENABLE_HARDENED_RUNTIME = YES;
				ENABLE_PREVIEWS = YES;
				INFOPLIST_FILE = Netrek2/Info.plist;
				LD_RUNPATH_SEARCH_PATHS = (
					"$(inherited)",
					"@executable_path/../Frameworks",
				);
				MACOSX_DEPLOYMENT_TARGET = 10.15;
				MARKETING_VERSION = 2.0;
				PRODUCT_BUNDLE_IDENTIFIER = net.networkmom.netrek;
				PRODUCT_NAME = "$(TARGET_NAME)";
				SWIFT_VERSION = 5.0;
			};
			name = Release;
		};
		2F97D86C24620CD0003CA91F /* Debug */ = {
			isa = XCBuildConfiguration;
			buildSettings = {
				ALWAYS_EMBED_SWIFT_STANDARD_LIBRARIES = YES;
				BUNDLE_LOADER = "$(TEST_HOST)";
				CODE_SIGN_STYLE = Automatic;
				COMBINE_HIDPI_IMAGES = YES;
				DEVELOPMENT_TEAM = 8DU2Q8ABKY;
				INFOPLIST_FILE = Netrek2Tests/Info.plist;
				LD_RUNPATH_SEARCH_PATHS = (
					"$(inherited)",
					"@executable_path/../Frameworks",
					"@loader_path/../Frameworks",
				);
				MACOSX_DEPLOYMENT_TARGET = 10.15;
				PRODUCT_BUNDLE_IDENTIFIER = training.networkmom.Netrek2Tests;
				PRODUCT_NAME = "$(TARGET_NAME)";
				SWIFT_VERSION = 5.0;
				TEST_HOST = "$(BUILT_PRODUCTS_DIR)/Netrek2.app/Contents/MacOS/Netrek2";
			};
			name = Debug;
		};
		2F97D86D24620CD0003CA91F /* Release */ = {
			isa = XCBuildConfiguration;
			buildSettings = {
				ALWAYS_EMBED_SWIFT_STANDARD_LIBRARIES = YES;
				BUNDLE_LOADER = "$(TEST_HOST)";
				CODE_SIGN_STYLE = Automatic;
				COMBINE_HIDPI_IMAGES = YES;
				DEVELOPMENT_TEAM = 8DU2Q8ABKY;
				INFOPLIST_FILE = Netrek2Tests/Info.plist;
				LD_RUNPATH_SEARCH_PATHS = (
					"$(inherited)",
					"@executable_path/../Frameworks",
					"@loader_path/../Frameworks",
				);
				MACOSX_DEPLOYMENT_TARGET = 10.15;
				PRODUCT_BUNDLE_IDENTIFIER = training.networkmom.Netrek2Tests;
				PRODUCT_NAME = "$(TARGET_NAME)";
				SWIFT_VERSION = 5.0;
				TEST_HOST = "$(BUILT_PRODUCTS_DIR)/Netrek2.app/Contents/MacOS/Netrek2";
			};
			name = Release;
		};
/* End XCBuildConfiguration section */

/* Begin XCConfigurationList section */
		2F97D84524620CCF003CA91F /* Build configuration list for PBXProject "Netrek2" */ = {
			isa = XCConfigurationList;
			buildConfigurations = (
				2F97D86624620CD0003CA91F /* Debug */,
				2F97D86724620CD0003CA91F /* Release */,
			);
			defaultConfigurationIsVisible = 0;
			defaultConfigurationName = Release;
		};
		2F97D86824620CD0003CA91F /* Build configuration list for PBXNativeTarget "Netrek" */ = {
			isa = XCConfigurationList;
			buildConfigurations = (
				2F97D86924620CD0003CA91F /* Debug */,
				2F97D86A24620CD0003CA91F /* Release */,
			);
			defaultConfigurationIsVisible = 0;
			defaultConfigurationName = Release;
		};
		2F97D86B24620CD0003CA91F /* Build configuration list for PBXNativeTarget "Netrek2Tests" */ = {
			isa = XCConfigurationList;
			buildConfigurations = (
				2F97D86C24620CD0003CA91F /* Debug */,
				2F97D86D24620CD0003CA91F /* Release */,
			);
			defaultConfigurationIsVisible = 0;
			defaultConfigurationName = Release;
		};
/* End XCConfigurationList section */
	};
	rootObject = 2F97D84224620CCF003CA91F /* Project object */;
}
